<?xml version="1.0" encoding="utf-8"?>
<Project ToolsVersion="4.0" xmlns="http://schemas.microsoft.com/developer/msbuild/2003">
  <ItemGroup>
    <Filter Include="Source Files">
      <UniqueIdentifier>{4FC737F1-C7A5-4376-A066-2A32D752A2FF}</UniqueIdentifier>
      <Extensions>cpp;c;cc;cxx;c++;cppm;ixx;def;odl;idl;hpj;bat;asm;asmx</Extensions>
    </Filter>
    <Filter Include="Header Files">
      <UniqueIdentifier>{93995380-89BD-4b04-88EB-625FBE52EBFB}</UniqueIdentifier>
      <Extensions>h;hh;hpp;hxx;h++;hm;inl;inc;ipp;xsd</Extensions>
    </Filter>
    <Filter Include="Resource Files">
      <UniqueIdentifier>{67DA6AB6-F800-4c08-8B7A-83BB121AAD01}</UniqueIdentifier>
      <Extensions>rc;ico;cur;bmp;dlg;rc2;rct;bin;rgs;gif;jpg;jpeg;jpe;resx;tiff;tif;png;wav;mfcribbon-ms</Extensions>
    </Filter>
    <Filter Include="Header Files\magic">
      <UniqueIdentifier>{f65dfeae-7cf9-407c-af47-5cc8cd4c562a}</UniqueIdentifier>
    </Filter>
    <Filter Include="Source Files\magic">
      <UniqueIdentifier>{0d5f04e7-df56-422c-9d88-814c4a1f0134}</UniqueIdentifier>
    </Filter>
    <Filter Include="Header Files\uci">
      <UniqueIdentifier>{0bb0652e-d19b-4728-a5e6-85f7a22a1e5c}</UniqueIdentifier>
    </Filter>
  </ItemGroup>
  <ItemGroup>
    <ClCompile Include="main.cpp">
      <Filter>Source Files</Filter>
    </ClCompile>
    <ClCompile Include="magic\Source\AttacksGeneratorBase.cpp">
      <Filter>Source Files\magic</Filter>
    </ClCompile>
    <ClCompile Include="magic\Source\BishopAttacksGenerator.cpp">
      <Filter>Source Files\magic</Filter>
    </ClCompile>
    <ClCompile Include="magic\Source\BishopMasksGenerator.cpp">
      <Filter>Source Files\magic</Filter>
    </ClCompile>
    <ClCompile Include="magic\Source\BitboardOperations.cpp">
      <Filter>Source Files\magic</Filter>
    </ClCompile>
    <ClCompile Include="magic\Source\BitOperations.cpp">
      <Filter>Source Files\magic</Filter>
    </ClCompile>
    <ClCompile Include="magic\Source\FastMagicBitboards.cpp">
      <Filter>Source Files\magic</Filter>
    </ClCompile>
    <ClCompile Include="magic\Source\MasksGeneratorBase.cpp">
      <Filter>Source Files\magic</Filter>
    </ClCompile>
    <ClCompile Include="magic\Source\Permutations.cpp">
      <Filter>Source Files\magic</Filter>
    </ClCompile>
    <ClCompile Include="magic\Source\RookAttacksGenerator.cpp">
      <Filter>Source Files\magic</Filter>
    </ClCompile>
    <ClCompile Include="magic\Source\RookMasksGenerator.cpp">
      <Filter>Source Files\magic</Filter>
    </ClCompile>
  </ItemGroup>
  <ItemGroup>
    <ClInclude Include="magic\Include\AttacksGeneratorBase.hpp">
      <Filter>Header Files\magic</Filter>
    </ClInclude>
    <ClInclude Include="magic\Include\BishopAttacksGenerator.hpp">
      <Filter>Header Files\magic</Filter>
    </ClInclude>
    <ClInclude Include="magic\Include\BishopMasksGenerator.hpp">
      <Filter>Header Files\magic</Filter>
    </ClInclude>
    <ClInclude Include="magic\Include\BitboardOperations.hpp">
      <Filter>Header Files\magic</Filter>
    </ClInclude>
    <ClInclude Include="magic\Include\BitOperations.hpp">
      <Filter>Header Files\magic</Filter>
    </ClInclude>
    <ClInclude Include="magic\Include\FastMagicBitboards.hpp">
      <Filter>Header Files\magic</Filter>
    </ClInclude>
    <ClInclude Include="magic\Include\MagicStructure.hpp">
      <Filter>Header Files\magic</Filter>
    </ClInclude>
    <ClInclude Include="magic\Include\MasksGeneratorBase.hpp">
      <Filter>Header Files\magic</Filter>
    </ClInclude>
    <ClInclude Include="magic\Include\Permutations.hpp">
      <Filter>Header Files\magic</Filter>
    </ClInclude>
    <ClInclude Include="magic\Include\PersistentMagicStructure.hpp">
      <Filter>Header Files\magic</Filter>
    </ClInclude>
    <ClInclude Include="magic\Include\RookAttacksGenerator.hpp">
      <Filter>Header Files\magic</Filter>
    </ClInclude>
    <ClInclude Include="magic\Include\RookMasksGenerator.hpp">
      <Filter>Header Files\magic</Filter>
    </ClInclude>
    <ClInclude Include="magic\Include\Typedefs.hpp">
      <Filter>Header Files\magic</Filter>
    </ClInclude>
    <ClInclude Include="uci.h">
      <Filter>Header Files\uci</Filter>
    </ClInclude>
  </ItemGroup>
</Project>